// !$*UTF8*$!
{
	archiveVersion = 1;
	classes = {
	};
	objectVersion = 55;
	objects = {

/* Begin PBXBuildFile section */
		1A35327A296D77E000C7003E /* UserDetailSecionHeaderView.swift in Sources */ = {isa = PBXBuildFile; fileRef = 1A353279296D77E000C7003E /* UserDetailSecionHeaderView.swift */; };
		1A35327C296DE7BF00C7003E /* CALayer+BorderColorNib.swift in Sources */ = {isa = PBXBuildFile; fileRef = 1A35327B296DE7BF00C7003E /* CALayer+BorderColorNib.swift */; };
		1A35327E296DEBA500C7003E /* UIImageView+TintRuntime.swift in Sources */ = {isa = PBXBuildFile; fileRef = 1A35327D296DEBA500C7003E /* UIImageView+TintRuntime.swift */; };
		1A353286296E4BFF00C7003E /* ParentalControlConstant.swift in Sources */ = {isa = PBXBuildFile; fileRef = 1A353285296E4BFF00C7003E /* ParentalControlConstant.swift */; };
		1A50789C297079F500E73E64 /* HeaderBarViewController.swift in Sources */ = {isa = PBXBuildFile; fileRef = 1A50789B297079F500E73E64 /* HeaderBarViewController.swift */; };
		1A50789F297080A600E73E64 /* UserInfoCell.swift in Sources */ = {isa = PBXBuildFile; fileRef = 1A50789D297080A600E73E64 /* UserInfoCell.swift */; };
		1A5078A0297080A600E73E64 /* UserInfoCell.xib in Resources */ = {isa = PBXBuildFile; fileRef = 1A50789E297080A600E73E64 /* UserInfoCell.xib */; };
		1A5078A22970EB5D00E73E64 /* EmptyView.swift in Sources */ = {isa = PBXBuildFile; fileRef = 1A5078A12970EB5D00E73E64 /* EmptyView.swift */; };
		1A65D5D7296EB8F000DE1BCC /* AddMoreDeviceCell.swift in Sources */ = {isa = PBXBuildFile; fileRef = 1A65D5D5296EB8F000DE1BCC /* AddMoreDeviceCell.swift */; };
		1A65D5D8296EB8F000DE1BCC /* AddMoreDeviceCell.xib in Resources */ = {isa = PBXBuildFile; fileRef = 1A65D5D6296EB8F000DE1BCC /* AddMoreDeviceCell.xib */; };
		1A65D5DB296EBA7B00DE1BCC /* UserProfileCell.swift in Sources */ = {isa = PBXBuildFile; fileRef = 1A65D5D9296EBA7B00DE1BCC /* UserProfileCell.swift */; };
		1A65D5DC296EBA7B00DE1BCC /* UserProfileCell.xib in Resources */ = {isa = PBXBuildFile; fileRef = 1A65D5DA296EBA7B00DE1BCC /* UserProfileCell.xib */; };
		1A65D5DF296EBBCB00DE1BCC /* UserNameTfCell.swift in Sources */ = {isa = PBXBuildFile; fileRef = 1A65D5DD296EBBCB00DE1BCC /* UserNameTfCell.swift */; };
		1A65D5E0296EBBCB00DE1BCC /* UserNameTfCell.xib in Resources */ = {isa = PBXBuildFile; fileRef = 1A65D5DE296EBBCB00DE1BCC /* UserNameTfCell.xib */; };
		1A65D5E3296EBCAB00DE1BCC /* AvatarHeaderCell.swift in Sources */ = {isa = PBXBuildFile; fileRef = 1A65D5E1296EBCAB00DE1BCC /* AvatarHeaderCell.swift */; };
		1A65D5E4296EBCAB00DE1BCC /* AvatarHeaderCell.xib in Resources */ = {isa = PBXBuildFile; fileRef = 1A65D5E2296EBCAB00DE1BCC /* AvatarHeaderCell.xib */; };
		1A65D5E7296ECBAC00DE1BCC /* HeaderView.swift in Sources */ = {isa = PBXBuildFile; fileRef = 1A65D5E5296ECBAC00DE1BCC /* HeaderView.swift */; };
		1A65D5E8296ECBAC00DE1BCC /* HeaderView.xib in Resources */ = {isa = PBXBuildFile; fileRef = 1A65D5E6296ECBAC00DE1BCC /* HeaderView.xib */; };
		1A65D5EC296FAE8D00DE1BCC /* AvatarPickerViewController.swift in Sources */ = {isa = PBXBuildFile; fileRef = 1A65D5EA296FAE8D00DE1BCC /* AvatarPickerViewController.swift */; };
		1A65D5ED296FAE8D00DE1BCC /* AvatarPickerViewController.xib in Resources */ = {isa = PBXBuildFile; fileRef = 1A65D5EB296FAE8D00DE1BCC /* AvatarPickerViewController.xib */; };
		1A65D5F3296FCA5500DE1BCC /* AvatarCell.swift in Sources */ = {isa = PBXBuildFile; fileRef = 1A65D5F1296FCA5500DE1BCC /* AvatarCell.swift */; };
		1A65D5F4296FCA5500DE1BCC /* AvatarCell.xib in Resources */ = {isa = PBXBuildFile; fileRef = 1A65D5F2296FCA5500DE1BCC /* AvatarCell.xib */; };
		1A65D5F6296FCB7300DE1BCC /* CheckedLayer.swift in Sources */ = {isa = PBXBuildFile; fileRef = 1A65D5F5296FCB7300DE1BCC /* CheckedLayer.swift */; };
		1A65D5F9296FE0FF00DE1BCC /* UploadSelectCell.swift in Sources */ = {isa = PBXBuildFile; fileRef = 1A65D5F7296FE0FF00DE1BCC /* UploadSelectCell.swift */; };
		1A65D5FA296FE0FF00DE1BCC /* UploadSelectCell.xib in Resources */ = {isa = PBXBuildFile; fileRef = 1A65D5F8296FE0FF00DE1BCC /* UploadSelectCell.xib */; };
		1A65D5FE296FFA9F00DE1BCC /* PhotoSourceViewController.swift in Sources */ = {isa = PBXBuildFile; fileRef = 1A65D5FC296FFA9F00DE1BCC /* PhotoSourceViewController.swift */; };
		1A65D5FF296FFA9F00DE1BCC /* PhotoSourceViewController.xib in Resources */ = {isa = PBXBuildFile; fileRef = 1A65D5FD296FFA9F00DE1BCC /* PhotoSourceViewController.xib */; };
		1A65D602297005CF00DE1BCC /* PopupManager.swift in Sources */ = {isa = PBXBuildFile; fileRef = 1A65D601297005CF00DE1BCC /* PopupManager.swift */; };
		1A84DB7C2966B3EC00A9071E /* AppDelegate.swift in Sources */ = {isa = PBXBuildFile; fileRef = 1A84DB7B2966B3EC00A9071E /* AppDelegate.swift */; };
		1A84DB7E2966B3EC00A9071E /* SceneDelegate.swift in Sources */ = {isa = PBXBuildFile; fileRef = 1A84DB7D2966B3EC00A9071E /* SceneDelegate.swift */; };
		1A84DB802966B3EC00A9071E /* ViewController.swift in Sources */ = {isa = PBXBuildFile; fileRef = 1A84DB7F2966B3EC00A9071E /* ViewController.swift */; };
		1A84DB832966B3EC00A9071E /* Main.storyboard in Resources */ = {isa = PBXBuildFile; fileRef = 1A84DB812966B3EC00A9071E /* Main.storyboard */; };
		1A84DB852966B3ED00A9071E /* Assets.xcassets in Resources */ = {isa = PBXBuildFile; fileRef = 1A84DB842966B3ED00A9071E /* Assets.xcassets */; };
		1A84DB882966B3ED00A9071E /* LaunchScreen.storyboard in Resources */ = {isa = PBXBuildFile; fileRef = 1A84DB862966B3ED00A9071E /* LaunchScreen.storyboard */; };
		1A84DB902966C2B800A9071E /* ParentalControlTabControllerViewController.swift in Sources */ = {isa = PBXBuildFile; fileRef = 1A84DB8F2966C2B800A9071E /* ParentalControlTabControllerViewController.swift */; };
		1A84DB922966C55B00A9071E /* UserViewController.swift in Sources */ = {isa = PBXBuildFile; fileRef = 1A84DB912966C55B00A9071E /* UserViewController.swift */; };
		1A84DB962966C58600A9071E /* DeviceViewController.swift in Sources */ = {isa = PBXBuildFile; fileRef = 1A84DB952966C58600A9071E /* DeviceViewController.swift */; };
		1A84DB992966CAA700A9071E /* UIImage+Resizable.swift in Sources */ = {isa = PBXBuildFile; fileRef = 1A84DB982966CAA700A9071E /* UIImage+Resizable.swift */; };
		1A84DB9B2966D1B300A9071E /* UINavigationBar+Style.swift in Sources */ = {isa = PBXBuildFile; fileRef = 1A84DB9A2966D1B300A9071E /* UINavigationBar+Style.swift */; };
		1A84DB9F2966E21300A9071E /* UIColor+RGB.swift in Sources */ = {isa = PBXBuildFile; fileRef = 1A84DB9E2966E21300A9071E /* UIColor+RGB.swift */; };
		1A84DBA22967149700A9071E /* HiFPTTabbar.swift in Sources */ = {isa = PBXBuildFile; fileRef = 1A84DBA12967149700A9071E /* HiFPTTabbar.swift */; };
		1A84DBA42967BE0200A9071E /* BaseViewController.swift in Sources */ = {isa = PBXBuildFile; fileRef = 1A84DBA32967BE0200A9071E /* BaseViewController.swift */; };
		1A84DBA72967C57B00A9071E /* FilterCell.swift in Sources */ = {isa = PBXBuildFile; fileRef = 1A84DBA52967C57B00A9071E /* FilterCell.swift */; };
		1A84DBA82967C57B00A9071E /* FilterCell.xib in Resources */ = {isa = PBXBuildFile; fileRef = 1A84DBA62967C57B00A9071E /* FilterCell.xib */; };
		1A84DBAB2967CDC700A9071E /* PCUser.swift in Sources */ = {isa = PBXBuildFile; fileRef = 1A84DBAA2967CDC700A9071E /* PCUser.swift */; };
		1A84DBAF2968048400A9071E /* PCUserCell.swift in Sources */ = {isa = PBXBuildFile; fileRef = 1A84DBAD2968048400A9071E /* PCUserCell.swift */; };
		1A84DBB02968048500A9071E /* PCUserCell.xib in Resources */ = {isa = PBXBuildFile; fileRef = 1A84DBAE2968048400A9071E /* PCUserCell.xib */; };
		1A84DBB229680DF200A9071E /* PCDevice.swift in Sources */ = {isa = PBXBuildFile; fileRef = 1A84DBB129680DF200A9071E /* PCDevice.swift */; };
		1A84DBB6296BAB1800A9071E /* UICollectionView+CellRegister.swift in Sources */ = {isa = PBXBuildFile; fileRef = 1A84DBB5296BAB1800A9071E /* UICollectionView+CellRegister.swift */; };
		1A84DBB8296BB25100A9071E /* UITableView+CellRegister.swift in Sources */ = {isa = PBXBuildFile; fileRef = 1A84DBB7296BB25100A9071E /* UITableView+CellRegister.swift */; };
		1A84DBC4296BDD4C00A9071E /* Inter-Thin.ttf in Resources */ = {isa = PBXBuildFile; fileRef = 1A84DBBB296BDD4C00A9071E /* Inter-Thin.ttf */; };
		1A84DBC5296BDD4C00A9071E /* Inter-Light.ttf in Resources */ = {isa = PBXBuildFile; fileRef = 1A84DBBC296BDD4C00A9071E /* Inter-Light.ttf */; };
		1A84DBC6296BDD4C00A9071E /* Inter-ExtraLight.ttf in Resources */ = {isa = PBXBuildFile; fileRef = 1A84DBBD296BDD4C00A9071E /* Inter-ExtraLight.ttf */; };
		1A84DBC7296BDD4C00A9071E /* Inter-Bold.ttf in Resources */ = {isa = PBXBuildFile; fileRef = 1A84DBBE296BDD4C00A9071E /* Inter-Bold.ttf */; };
		1A84DBC8296BDD4C00A9071E /* Inter-SemiBold.ttf in Resources */ = {isa = PBXBuildFile; fileRef = 1A84DBBF296BDD4C00A9071E /* Inter-SemiBold.ttf */; };
		1A84DBC9296BDD4D00A9071E /* Inter-Medium.ttf in Resources */ = {isa = PBXBuildFile; fileRef = 1A84DBC0296BDD4C00A9071E /* Inter-Medium.ttf */; };
		1A84DBCA296BDD4D00A9071E /* Inter-ExtraBold.ttf in Resources */ = {isa = PBXBuildFile; fileRef = 1A84DBC1296BDD4C00A9071E /* Inter-ExtraBold.ttf */; };
		1A84DBCB296BDD4D00A9071E /* Inter-Black.ttf in Resources */ = {isa = PBXBuildFile; fileRef = 1A84DBC2296BDD4C00A9071E /* Inter-Black.ttf */; };
		1A84DBCC296BDD4D00A9071E /* Inter-Regular.ttf in Resources */ = {isa = PBXBuildFile; fileRef = 1A84DBC3296BDD4C00A9071E /* Inter-Regular.ttf */; };
		1A84DBCE296BE81000A9071E /* UIView+Animation.swift in Sources */ = {isa = PBXBuildFile; fileRef = 1A84DBCD296BE81000A9071E /* UIView+Animation.swift */; };
		1A84DBD1296C131F00A9071E /* Color.swift in Sources */ = {isa = PBXBuildFile; fileRef = 1A84DBD0296C131F00A9071E /* Color.swift */; };
		1A84DBD5296C59F700A9071E /* DeviceCell.swift in Sources */ = {isa = PBXBuildFile; fileRef = 1A84DBD3296C59F700A9071E /* DeviceCell.swift */; };
		1A84DBD6296C59F700A9071E /* DeviceCell.xib in Resources */ = {isa = PBXBuildFile; fileRef = 1A84DBD4296C59F700A9071E /* DeviceCell.xib */; };
		1A84DBF9296C788400A9071E /* Font.swift in Sources */ = {isa = PBXBuildFile; fileRef = 1A84DBF8296C788400A9071E /* Font.swift */; };
		1A84DBFD296CF2EC00A9071E /* PCUserDetailViewController.swift in Sources */ = {isa = PBXBuildFile; fileRef = 1A84DBFB296CF2EC00A9071E /* PCUserDetailViewController.swift */; };
		1A84DBFE296CF2EC00A9071E /* PCUserDetailViewController.xib in Resources */ = {isa = PBXBuildFile; fileRef = 1A84DBFC296CF2EC00A9071E /* PCUserDetailViewController.xib */; };
		1A84DC00296CF5DE00A9071E /* AvatarView.swift in Sources */ = {isa = PBXBuildFile; fileRef = 1A84DBFF296CF5DE00A9071E /* AvatarView.swift */; };
		1A84DC02296CFDE000A9071E /* ButtonPrimary.swift in Sources */ = {isa = PBXBuildFile; fileRef = 1A84DC01296CFDE000A9071E /* ButtonPrimary.swift */; };
		1A84DC06296D5EB100A9071E /* BannedContentCell.swift in Sources */ = {isa = PBXBuildFile; fileRef = 1A84DC04296D5EB100A9071E /* BannedContentCell.swift */; };
		1A84DC07296D5EB100A9071E /* BannedContentCell.xib in Resources */ = {isa = PBXBuildFile; fileRef = 1A84DC05296D5EB100A9071E /* BannedContentCell.xib */; };
		1A84DC0C296D6AC500A9071E /* UserDeviceCell.swift in Sources */ = {isa = PBXBuildFile; fileRef = 1A84DC0A296D6AC500A9071E /* UserDeviceCell.swift */; };
		1A84DC0D296D6AC500A9071E /* UserDeviceCell.xib in Resources */ = {isa = PBXBuildFile; fileRef = 1A84DC0B296D6AC500A9071E /* UserDeviceCell.xib */; };
		1AFE49C7296E62BC0096927C /* TextField.swift in Sources */ = {isa = PBXBuildFile; fileRef = 1AFE49C6296E62BC0096927C /* TextField.swift */; };
		1AFE49E0296EB3E50096927C /* EditUserViewController.swift in Sources */ = {isa = PBXBuildFile; fileRef = 1AFE49DE296EB3E50096927C /* EditUserViewController.swift */; };
		1AFE49E1296EB3E50096927C /* EditUserViewController.xib in Resources */ = {isa = PBXBuildFile; fileRef = 1AFE49DF296EB3E50096927C /* EditUserViewController.xib */; };
		1AFE49E5296EB6BF0096927C /* PCAssignedDeviceCell.swift in Sources */ = {isa = PBXBuildFile; fileRef = 1AFE49E3296EB6BF0096927C /* PCAssignedDeviceCell.swift */; };
		1AFE49E6296EB6BF0096927C /* PCAssignedDeviceCell.xib in Resources */ = {isa = PBXBuildFile; fileRef = 1AFE49E4296EB6BF0096927C /* PCAssignedDeviceCell.xib */; };
		ED710537D662D7CA95C00E17 /* Pods_HiFPTParentalControlPreparation.framework in Frameworks */ = {isa = PBXBuildFile; fileRef = D8873B88FFFEC9E9502700FF /* Pods_HiFPTParentalControlPreparation.framework */; };
/* End PBXBuildFile section */

/* Begin PBXFileReference section */
		1A353279296D77E000C7003E /* UserDetailSecionHeaderView.swift */ = {isa = PBXFileReference; lastKnownFileType = sourcecode.swift; path = UserDetailSecionHeaderView.swift; sourceTree = "<group>"; };
		1A35327B296DE7BF00C7003E /* CALayer+BorderColorNib.swift */ = {isa = PBXFileReference; lastKnownFileType = sourcecode.swift; path = "CALayer+BorderColorNib.swift"; sourceTree = "<group>"; };
		1A35327D296DEBA500C7003E /* UIImageView+TintRuntime.swift */ = {isa = PBXFileReference; lastKnownFileType = sourcecode.swift; path = "UIImageView+TintRuntime.swift"; sourceTree = "<group>"; };
		1A353285296E4BFF00C7003E /* ParentalControlConstant.swift */ = {isa = PBXFileReference; lastKnownFileType = sourcecode.swift; path = ParentalControlConstant.swift; sourceTree = "<group>"; };
		1A50789B297079F500E73E64 /* HeaderBarViewController.swift */ = {isa = PBXFileReference; lastKnownFileType = sourcecode.swift; path = HeaderBarViewController.swift; sourceTree = "<group>"; };
		1A50789D297080A600E73E64 /* UserInfoCell.swift */ = {isa = PBXFileReference; lastKnownFileType = sourcecode.swift; path = UserInfoCell.swift; sourceTree = "<group>"; };
		1A50789E297080A600E73E64 /* UserInfoCell.xib */ = {isa = PBXFileReference; lastKnownFileType = file.xib; path = UserInfoCell.xib; sourceTree = "<group>"; };
		1A5078A12970EB5D00E73E64 /* EmptyView.swift */ = {isa = PBXFileReference; lastKnownFileType = sourcecode.swift; path = EmptyView.swift; sourceTree = "<group>"; };
		1A65D5D5296EB8F000DE1BCC /* AddMoreDeviceCell.swift */ = {isa = PBXFileReference; lastKnownFileType = sourcecode.swift; path = AddMoreDeviceCell.swift; sourceTree = "<group>"; };
		1A65D5D6296EB8F000DE1BCC /* AddMoreDeviceCell.xib */ = {isa = PBXFileReference; lastKnownFileType = file.xib; path = AddMoreDeviceCell.xib; sourceTree = "<group>"; };
		1A65D5D9296EBA7B00DE1BCC /* UserProfileCell.swift */ = {isa = PBXFileReference; lastKnownFileType = sourcecode.swift; path = UserProfileCell.swift; sourceTree = "<group>"; };
		1A65D5DA296EBA7B00DE1BCC /* UserProfileCell.xib */ = {isa = PBXFileReference; lastKnownFileType = file.xib; path = UserProfileCell.xib; sourceTree = "<group>"; };
		1A65D5DD296EBBCB00DE1BCC /* UserNameTfCell.swift */ = {isa = PBXFileReference; lastKnownFileType = sourcecode.swift; path = UserNameTfCell.swift; sourceTree = "<group>"; };
		1A65D5DE296EBBCB00DE1BCC /* UserNameTfCell.xib */ = {isa = PBXFileReference; lastKnownFileType = file.xib; path = UserNameTfCell.xib; sourceTree = "<group>"; };
		1A65D5E1296EBCAB00DE1BCC /* AvatarHeaderCell.swift */ = {isa = PBXFileReference; lastKnownFileType = sourcecode.swift; path = AvatarHeaderCell.swift; sourceTree = "<group>"; };
		1A65D5E2296EBCAB00DE1BCC /* AvatarHeaderCell.xib */ = {isa = PBXFileReference; lastKnownFileType = file.xib; path = AvatarHeaderCell.xib; sourceTree = "<group>"; };
		1A65D5E5296ECBAC00DE1BCC /* HeaderView.swift */ = {isa = PBXFileReference; lastKnownFileType = sourcecode.swift; path = HeaderView.swift; sourceTree = "<group>"; };
		1A65D5E6296ECBAC00DE1BCC /* HeaderView.xib */ = {isa = PBXFileReference; lastKnownFileType = file.xib; path = HeaderView.xib; sourceTree = "<group>"; };
		1A65D5EA296FAE8D00DE1BCC /* AvatarPickerViewController.swift */ = {isa = PBXFileReference; lastKnownFileType = sourcecode.swift; path = AvatarPickerViewController.swift; sourceTree = "<group>"; };
		1A65D5EB296FAE8D00DE1BCC /* AvatarPickerViewController.xib */ = {isa = PBXFileReference; lastKnownFileType = file.xib; path = AvatarPickerViewController.xib; sourceTree = "<group>"; };
		1A65D5F1296FCA5500DE1BCC /* AvatarCell.swift */ = {isa = PBXFileReference; lastKnownFileType = sourcecode.swift; path = AvatarCell.swift; sourceTree = "<group>"; };
		1A65D5F2296FCA5500DE1BCC /* AvatarCell.xib */ = {isa = PBXFileReference; lastKnownFileType = file.xib; path = AvatarCell.xib; sourceTree = "<group>"; };
		1A65D5F5296FCB7300DE1BCC /* CheckedLayer.swift */ = {isa = PBXFileReference; lastKnownFileType = sourcecode.swift; path = CheckedLayer.swift; sourceTree = "<group>"; };
		1A65D5F7296FE0FF00DE1BCC /* UploadSelectCell.swift */ = {isa = PBXFileReference; lastKnownFileType = sourcecode.swift; path = UploadSelectCell.swift; sourceTree = "<group>"; };
		1A65D5F8296FE0FF00DE1BCC /* UploadSelectCell.xib */ = {isa = PBXFileReference; lastKnownFileType = file.xib; path = UploadSelectCell.xib; sourceTree = "<group>"; };
		1A65D5FC296FFA9F00DE1BCC /* PhotoSourceViewController.swift */ = {isa = PBXFileReference; lastKnownFileType = sourcecode.swift; path = PhotoSourceViewController.swift; sourceTree = "<group>"; };
		1A65D5FD296FFA9F00DE1BCC /* PhotoSourceViewController.xib */ = {isa = PBXFileReference; lastKnownFileType = file.xib; path = PhotoSourceViewController.xib; sourceTree = "<group>"; };
		1A65D601297005CF00DE1BCC /* PopupManager.swift */ = {isa = PBXFileReference; lastKnownFileType = sourcecode.swift; path = PopupManager.swift; sourceTree = "<group>"; };
		1A84DB782966B3EC00A9071E /* HiFPTParentalControlPreparation.app */ = {isa = PBXFileReference; explicitFileType = wrapper.application; includeInIndex = 0; path = HiFPTParentalControlPreparation.app; sourceTree = BUILT_PRODUCTS_DIR; };
		1A84DB7B2966B3EC00A9071E /* AppDelegate.swift */ = {isa = PBXFileReference; lastKnownFileType = sourcecode.swift; path = AppDelegate.swift; sourceTree = "<group>"; };
		1A84DB7D2966B3EC00A9071E /* SceneDelegate.swift */ = {isa = PBXFileReference; lastKnownFileType = sourcecode.swift; path = SceneDelegate.swift; sourceTree = "<group>"; };
		1A84DB7F2966B3EC00A9071E /* ViewController.swift */ = {isa = PBXFileReference; lastKnownFileType = sourcecode.swift; path = ViewController.swift; sourceTree = "<group>"; };
		1A84DB822966B3EC00A9071E /* Base */ = {isa = PBXFileReference; lastKnownFileType = file.storyboard; name = Base; path = Base.lproj/Main.storyboard; sourceTree = "<group>"; };
		1A84DB842966B3ED00A9071E /* Assets.xcassets */ = {isa = PBXFileReference; lastKnownFileType = folder.assetcatalog; path = Assets.xcassets; sourceTree = "<group>"; };
		1A84DB872966B3ED00A9071E /* Base */ = {isa = PBXFileReference; lastKnownFileType = file.storyboard; name = Base; path = Base.lproj/LaunchScreen.storyboard; sourceTree = "<group>"; };
		1A84DB892966B3ED00A9071E /* Info.plist */ = {isa = PBXFileReference; lastKnownFileType = text.plist.xml; path = Info.plist; sourceTree = "<group>"; };
		1A84DB8F2966C2B800A9071E /* ParentalControlTabControllerViewController.swift */ = {isa = PBXFileReference; lastKnownFileType = sourcecode.swift; path = ParentalControlTabControllerViewController.swift; sourceTree = "<group>"; };
		1A84DB912966C55B00A9071E /* UserViewController.swift */ = {isa = PBXFileReference; lastKnownFileType = sourcecode.swift; path = UserViewController.swift; sourceTree = "<group>"; };
		1A84DB952966C58600A9071E /* DeviceViewController.swift */ = {isa = PBXFileReference; lastKnownFileType = sourcecode.swift; path = DeviceViewController.swift; sourceTree = "<group>"; };
		1A84DB982966CAA700A9071E /* UIImage+Resizable.swift */ = {isa = PBXFileReference; lastKnownFileType = sourcecode.swift; path = "UIImage+Resizable.swift"; sourceTree = "<group>"; };
		1A84DB9A2966D1B300A9071E /* UINavigationBar+Style.swift */ = {isa = PBXFileReference; lastKnownFileType = sourcecode.swift; path = "UINavigationBar+Style.swift"; sourceTree = "<group>"; };
		1A84DB9E2966E21300A9071E /* UIColor+RGB.swift */ = {isa = PBXFileReference; lastKnownFileType = sourcecode.swift; path = "UIColor+RGB.swift"; sourceTree = "<group>"; };
		1A84DBA12967149700A9071E /* HiFPTTabbar.swift */ = {isa = PBXFileReference; lastKnownFileType = sourcecode.swift; path = HiFPTTabbar.swift; sourceTree = "<group>"; };
		1A84DBA32967BE0200A9071E /* BaseViewController.swift */ = {isa = PBXFileReference; lastKnownFileType = sourcecode.swift; path = BaseViewController.swift; sourceTree = "<group>"; };
		1A84DBA52967C57B00A9071E /* FilterCell.swift */ = {isa = PBXFileReference; lastKnownFileType = sourcecode.swift; path = FilterCell.swift; sourceTree = "<group>"; };
		1A84DBA62967C57B00A9071E /* FilterCell.xib */ = {isa = PBXFileReference; lastKnownFileType = file.xib; path = FilterCell.xib; sourceTree = "<group>"; };
		1A84DBAA2967CDC700A9071E /* PCUser.swift */ = {isa = PBXFileReference; lastKnownFileType = sourcecode.swift; path = PCUser.swift; sourceTree = "<group>"; };
		1A84DBAD2968048400A9071E /* PCUserCell.swift */ = {isa = PBXFileReference; lastKnownFileType = sourcecode.swift; path = PCUserCell.swift; sourceTree = "<group>"; };
		1A84DBAE2968048400A9071E /* PCUserCell.xib */ = {isa = PBXFileReference; lastKnownFileType = file.xib; path = PCUserCell.xib; sourceTree = "<group>"; };
		1A84DBB129680DF200A9071E /* PCDevice.swift */ = {isa = PBXFileReference; lastKnownFileType = sourcecode.swift; path = PCDevice.swift; sourceTree = "<group>"; };
		1A84DBB5296BAB1800A9071E /* UICollectionView+CellRegister.swift */ = {isa = PBXFileReference; lastKnownFileType = sourcecode.swift; path = "UICollectionView+CellRegister.swift"; sourceTree = "<group>"; };
		1A84DBB7296BB25100A9071E /* UITableView+CellRegister.swift */ = {isa = PBXFileReference; lastKnownFileType = sourcecode.swift; path = "UITableView+CellRegister.swift"; sourceTree = "<group>"; };
		1A84DBBB296BDD4C00A9071E /* Inter-Thin.ttf */ = {isa = PBXFileReference; lastKnownFileType = file; path = "Inter-Thin.ttf"; sourceTree = "<group>"; };
		1A84DBBC296BDD4C00A9071E /* Inter-Light.ttf */ = {isa = PBXFileReference; lastKnownFileType = file; path = "Inter-Light.ttf"; sourceTree = "<group>"; };
		1A84DBBD296BDD4C00A9071E /* Inter-ExtraLight.ttf */ = {isa = PBXFileReference; lastKnownFileType = file; path = "Inter-ExtraLight.ttf"; sourceTree = "<group>"; };
		1A84DBBE296BDD4C00A9071E /* Inter-Bold.ttf */ = {isa = PBXFileReference; lastKnownFileType = file; path = "Inter-Bold.ttf"; sourceTree = "<group>"; };
		1A84DBBF296BDD4C00A9071E /* Inter-SemiBold.ttf */ = {isa = PBXFileReference; lastKnownFileType = file; path = "Inter-SemiBold.ttf"; sourceTree = "<group>"; };
		1A84DBC0296BDD4C00A9071E /* Inter-Medium.ttf */ = {isa = PBXFileReference; lastKnownFileType = file; path = "Inter-Medium.ttf"; sourceTree = "<group>"; };
		1A84DBC1296BDD4C00A9071E /* Inter-ExtraBold.ttf */ = {isa = PBXFileReference; lastKnownFileType = file; path = "Inter-ExtraBold.ttf"; sourceTree = "<group>"; };
		1A84DBC2296BDD4C00A9071E /* Inter-Black.ttf */ = {isa = PBXFileReference; lastKnownFileType = file; path = "Inter-Black.ttf"; sourceTree = "<group>"; };
		1A84DBC3296BDD4C00A9071E /* Inter-Regular.ttf */ = {isa = PBXFileReference; lastKnownFileType = file; path = "Inter-Regular.ttf"; sourceTree = "<group>"; };
		1A84DBCD296BE81000A9071E /* UIView+Animation.swift */ = {isa = PBXFileReference; lastKnownFileType = sourcecode.swift; path = "UIView+Animation.swift"; sourceTree = "<group>"; };
		1A84DBD0296C131F00A9071E /* Color.swift */ = {isa = PBXFileReference; lastKnownFileType = sourcecode.swift; path = Color.swift; sourceTree = "<group>"; };
		1A84DBD3296C59F700A9071E /* DeviceCell.swift */ = {isa = PBXFileReference; lastKnownFileType = sourcecode.swift; path = DeviceCell.swift; sourceTree = "<group>"; };
		1A84DBD4296C59F700A9071E /* DeviceCell.xib */ = {isa = PBXFileReference; lastKnownFileType = file.xib; path = DeviceCell.xib; sourceTree = "<group>"; };
		1A84DBF8296C788400A9071E /* Font.swift */ = {isa = PBXFileReference; lastKnownFileType = sourcecode.swift; path = Font.swift; sourceTree = "<group>"; };
		1A84DBFB296CF2EC00A9071E /* PCUserDetailViewController.swift */ = {isa = PBXFileReference; lastKnownFileType = sourcecode.swift; path = PCUserDetailViewController.swift; sourceTree = "<group>"; };
		1A84DBFC296CF2EC00A9071E /* PCUserDetailViewController.xib */ = {isa = PBXFileReference; lastKnownFileType = file.xib; path = PCUserDetailViewController.xib; sourceTree = "<group>"; };
		1A84DBFF296CF5DE00A9071E /* AvatarView.swift */ = {isa = PBXFileReference; lastKnownFileType = sourcecode.swift; path = AvatarView.swift; sourceTree = "<group>"; };
		1A84DC01296CFDE000A9071E /* ButtonPrimary.swift */ = {isa = PBXFileReference; fileEncoding = 4; lastKnownFileType = sourcecode.swift; path = ButtonPrimary.swift; sourceTree = "<group>"; };
		1A84DC04296D5EB100A9071E /* BannedContentCell.swift */ = {isa = PBXFileReference; lastKnownFileType = sourcecode.swift; path = BannedContentCell.swift; sourceTree = "<group>"; };
		1A84DC05296D5EB100A9071E /* BannedContentCell.xib */ = {isa = PBXFileReference; lastKnownFileType = file.xib; path = BannedContentCell.xib; sourceTree = "<group>"; };
		1A84DC0A296D6AC500A9071E /* UserDeviceCell.swift */ = {isa = PBXFileReference; lastKnownFileType = sourcecode.swift; path = UserDeviceCell.swift; sourceTree = "<group>"; };
		1A84DC0B296D6AC500A9071E /* UserDeviceCell.xib */ = {isa = PBXFileReference; lastKnownFileType = file.xib; path = UserDeviceCell.xib; sourceTree = "<group>"; };
		1AFE49C6296E62BC0096927C /* TextField.swift */ = {isa = PBXFileReference; lastKnownFileType = sourcecode.swift; path = TextField.swift; sourceTree = "<group>"; };
		1AFE49DE296EB3E50096927C /* EditUserViewController.swift */ = {isa = PBXFileReference; lastKnownFileType = sourcecode.swift; path = EditUserViewController.swift; sourceTree = "<group>"; };
		1AFE49DF296EB3E50096927C /* EditUserViewController.xib */ = {isa = PBXFileReference; lastKnownFileType = file.xib; path = EditUserViewController.xib; sourceTree = "<group>"; };
		1AFE49E3296EB6BF0096927C /* PCAssignedDeviceCell.swift */ = {isa = PBXFileReference; lastKnownFileType = sourcecode.swift; path = PCAssignedDeviceCell.swift; sourceTree = "<group>"; };
		1AFE49E4296EB6BF0096927C /* PCAssignedDeviceCell.xib */ = {isa = PBXFileReference; lastKnownFileType = file.xib; path = PCAssignedDeviceCell.xib; sourceTree = "<group>"; };
		56A7E6D675DE227502296EA7 /* Pods-HiFPTParentalControlPreparation.release.xcconfig */ = {isa = PBXFileReference; includeInIndex = 1; lastKnownFileType = text.xcconfig; name = "Pods-HiFPTParentalControlPreparation.release.xcconfig"; path = "Target Support Files/Pods-HiFPTParentalControlPreparation/Pods-HiFPTParentalControlPreparation.release.xcconfig"; sourceTree = "<group>"; };
		589F5C2357CB61BD52C59509 /* Pods-HiFPTParentalControlPreparation.debug.xcconfig */ = {isa = PBXFileReference; includeInIndex = 1; lastKnownFileType = text.xcconfig; name = "Pods-HiFPTParentalControlPreparation.debug.xcconfig"; path = "Target Support Files/Pods-HiFPTParentalControlPreparation/Pods-HiFPTParentalControlPreparation.debug.xcconfig"; sourceTree = "<group>"; };
		D8873B88FFFEC9E9502700FF /* Pods_HiFPTParentalControlPreparation.framework */ = {isa = PBXFileReference; explicitFileType = wrapper.framework; includeInIndex = 0; path = Pods_HiFPTParentalControlPreparation.framework; sourceTree = BUILT_PRODUCTS_DIR; };
/* End PBXFileReference section */

/* Begin PBXFrameworksBuildPhase section */
		1A84DB752966B3EC00A9071E /* Frameworks */ = {
			isa = PBXFrameworksBuildPhase;
			buildActionMask = 2147483647;
			files = (
				ED710537D662D7CA95C00E17 /* Pods_HiFPTParentalControlPreparation.framework in Frameworks */,
			);
			runOnlyForDeploymentPostprocessing = 0;
		};
/* End PBXFrameworksBuildPhase section */

/* Begin PBXGroup section */
		1A35327F296E466B00C7003E /* EditUser */ = {
			isa = PBXGroup;
			children = (
				1A65D5E9296FAE3400DE1BCC /* AvatarPickerPopUp */,
				1AFE49C8296E66280096927C /* View */,
				1AFE49DE296EB3E50096927C /* EditUserViewController.swift */,
				1AFE49DF296EB3E50096927C /* EditUserViewController.xib */,
			);
			path = EditUser;
			sourceTree = "<group>";
		};
		1A65D5E9296FAE3400DE1BCC /* AvatarPickerPopUp */ = {
			isa = PBXGroup;
			children = (
				1A65D5FB296FFA7200DE1BCC /* PhotoSourceBTS */,
				1A65D5F0296FC9C500DE1BCC /* Cell */,
				1A65D5EA296FAE8D00DE1BCC /* AvatarPickerViewController.swift */,
				1A65D5EB296FAE8D00DE1BCC /* AvatarPickerViewController.xib */,
			);
			path = AvatarPickerPopUp;
			sourceTree = "<group>";
		};
		1A65D5F0296FC9C500DE1BCC /* Cell */ = {
			isa = PBXGroup;
			children = (
				1A65D5F1296FCA5500DE1BCC /* AvatarCell.swift */,
				1A65D5F2296FCA5500DE1BCC /* AvatarCell.xib */,
				1A65D5F7296FE0FF00DE1BCC /* UploadSelectCell.swift */,
				1A65D5F8296FE0FF00DE1BCC /* UploadSelectCell.xib */,
			);
			path = Cell;
			sourceTree = "<group>";
		};
		1A65D5FB296FFA7200DE1BCC /* PhotoSourceBTS */ = {
			isa = PBXGroup;
			children = (
				1A65D5FC296FFA9F00DE1BCC /* PhotoSourceViewController.swift */,
				1A65D5FD296FFA9F00DE1BCC /* PhotoSourceViewController.xib */,
			);
			path = PhotoSourceBTS;
			sourceTree = "<group>";
		};
		1A65D600297005C300DE1BCC /* Manager */ = {
			isa = PBXGroup;
			children = (
				1A65D601297005CF00DE1BCC /* PopupManager.swift */,
			);
			path = Manager;
			sourceTree = "<group>";
		};
		1A84DB6F2966B3EB00A9071E = {
			isa = PBXGroup;
			children = (
				1A84DB7A2966B3EC00A9071E /* HiFPTParentalControlPreparation */,
				1A84DB792966B3EC00A9071E /* Products */,
				CFEA7E6343C1DD21C87BDADE /* Pods */,
				F425BF174F670198F204BA67 /* Frameworks */,
			);
			sourceTree = "<group>";
		};
		1A84DB792966B3EC00A9071E /* Products */ = {
			isa = PBXGroup;
			children = (
				1A84DB782966B3EC00A9071E /* HiFPTParentalControlPreparation.app */,
			);
			name = Products;
			sourceTree = "<group>";
		};
		1A84DB7A2966B3EC00A9071E /* HiFPTParentalControlPreparation */ = {
			isa = PBXGroup;
			children = (
				1A65D600297005C300DE1BCC /* Manager */,
				1A84DBB9296BDD2D00A9071E /* Resource */,
				1A84DBB4296BAADF00A9071E /* Extension */,
				1A84DBA92967CDB300A9071E /* Model */,
				1A84DBA02967146E00A9071E /* CommonView */,
				1A84DB8F2966C2B800A9071E /* ParentalControlTabControllerViewController.swift */,
				1A84DB972966CA9200A9071E /* Utils */,
				1A84DB942966C56900A9071E /* DeviceTab */,
				1A84DB932966C56100A9071E /* UserTab */,
				1A84DB7B2966B3EC00A9071E /* AppDelegate.swift */,
				1A84DB7D2966B3EC00A9071E /* SceneDelegate.swift */,
				1A84DB7F2966B3EC00A9071E /* ViewController.swift */,
				1A84DB812966B3EC00A9071E /* Main.storyboard */,
				1A84DB842966B3ED00A9071E /* Assets.xcassets */,
				1A84DB862966B3ED00A9071E /* LaunchScreen.storyboard */,
				1A84DB892966B3ED00A9071E /* Info.plist */,
				1A84DBA32967BE0200A9071E /* BaseViewController.swift */,
				1A353285296E4BFF00C7003E /* ParentalControlConstant.swift */,
				1A50789B297079F500E73E64 /* HeaderBarViewController.swift */,
			);
			path = HiFPTParentalControlPreparation;
			sourceTree = "<group>";
		};
		1A84DB932966C56100A9071E /* UserTab */ = {
			isa = PBXGroup;
			children = (
				1A35327F296E466B00C7003E /* EditUser */,
				1A84DBFA296CF2BD00A9071E /* UserDetail */,
				1A84DBAC2968046300A9071E /* Cell */,
				1A84DB912966C55B00A9071E /* UserViewController.swift */,
			);
			path = UserTab;
			sourceTree = "<group>";
		};
		1A84DB942966C56900A9071E /* DeviceTab */ = {
			isa = PBXGroup;
			children = (
				1A84DBD2296C59E400A9071E /* Cell */,
				1A84DB952966C58600A9071E /* DeviceViewController.swift */,
			);
			path = DeviceTab;
			sourceTree = "<group>";
		};
		1A84DB972966CA9200A9071E /* Utils */ = {
			isa = PBXGroup;
			children = (
				1A84DB982966CAA700A9071E /* UIImage+Resizable.swift */,
				1A84DB9A2966D1B300A9071E /* UINavigationBar+Style.swift */,
				1A84DB9E2966E21300A9071E /* UIColor+RGB.swift */,
			);
			path = Utils;
			sourceTree = "<group>";
		};
		1A84DBA02967146E00A9071E /* CommonView */ = {
			isa = PBXGroup;
			children = (
				1A84DC01296CFDE000A9071E /* ButtonPrimary.swift */,
				1A84DBA52967C57B00A9071E /* FilterCell.swift */,
				1A84DBA62967C57B00A9071E /* FilterCell.xib */,
				1A84DBA12967149700A9071E /* HiFPTTabbar.swift */,
				1A84DBFF296CF5DE00A9071E /* AvatarView.swift */,
				1AFE49C6296E62BC0096927C /* TextField.swift */,
				1A65D5F5296FCB7300DE1BCC /* CheckedLayer.swift */,
				1A5078A12970EB5D00E73E64 /* EmptyView.swift */,
			);
			path = CommonView;
			sourceTree = "<group>";
		};
		1A84DBA92967CDB300A9071E /* Model */ = {
			isa = PBXGroup;
			children = (
				1A84DBAA2967CDC700A9071E /* PCUser.swift */,
				1A84DBB129680DF200A9071E /* PCDevice.swift */,
			);
			path = Model;
			sourceTree = "<group>";
		};
		1A84DBAC2968046300A9071E /* Cell */ = {
			isa = PBXGroup;
			children = (
				1A84DBAD2968048400A9071E /* PCUserCell.swift */,
				1A84DBAE2968048400A9071E /* PCUserCell.xib */,
			);
			path = Cell;
			sourceTree = "<group>";
		};
		1A84DBB4296BAADF00A9071E /* Extension */ = {
			isa = PBXGroup;
			children = (
				1A84DBB5296BAB1800A9071E /* UICollectionView+CellRegister.swift */,
				1A84DBB7296BB25100A9071E /* UITableView+CellRegister.swift */,
				1A84DBCD296BE81000A9071E /* UIView+Animation.swift */,
				1A35327B296DE7BF00C7003E /* CALayer+BorderColorNib.swift */,
				1A35327D296DEBA500C7003E /* UIImageView+TintRuntime.swift */,
			);
			path = Extension;
			sourceTree = "<group>";
		};
		1A84DBB9296BDD2D00A9071E /* Resource */ = {
			isa = PBXGroup;
			children = (
				1A84DBBA296BDD4100A9071E /* Fonts */,
				1A84DBD0296C131F00A9071E /* Color.swift */,
				1A84DBF8296C788400A9071E /* Font.swift */,
			);
			path = Resource;
			sourceTree = "<group>";
		};
		1A84DBBA296BDD4100A9071E /* Fonts */ = {
			isa = PBXGroup;
			children = (
				1A84DBC2296BDD4C00A9071E /* Inter-Black.ttf */,
				1A84DBBE296BDD4C00A9071E /* Inter-Bold.ttf */,
				1A84DBC1296BDD4C00A9071E /* Inter-ExtraBold.ttf */,
				1A84DBBD296BDD4C00A9071E /* Inter-ExtraLight.ttf */,
				1A84DBBC296BDD4C00A9071E /* Inter-Light.ttf */,
				1A84DBC0296BDD4C00A9071E /* Inter-Medium.ttf */,
				1A84DBC3296BDD4C00A9071E /* Inter-Regular.ttf */,
				1A84DBBF296BDD4C00A9071E /* Inter-SemiBold.ttf */,
				1A84DBBB296BDD4C00A9071E /* Inter-Thin.ttf */,
			);
			path = Fonts;
			sourceTree = "<group>";
		};
		1A84DBD2296C59E400A9071E /* Cell */ = {
			isa = PBXGroup;
			children = (
				1A84DBD3296C59F700A9071E /* DeviceCell.swift */,
				1A84DBD4296C59F700A9071E /* DeviceCell.xib */,
			);
			path = Cell;
			sourceTree = "<group>";
		};
		1A84DBFA296CF2BD00A9071E /* UserDetail */ = {
			isa = PBXGroup;
			children = (
				1A84DC03296D5E8600A9071E /* Cell */,
				1A84DBFB296CF2EC00A9071E /* PCUserDetailViewController.swift */,
				1A84DBFC296CF2EC00A9071E /* PCUserDetailViewController.xib */,
			);
			path = UserDetail;
			sourceTree = "<group>";
		};
		1A84DC03296D5E8600A9071E /* Cell */ = {
			isa = PBXGroup;
			children = (
				1A84DC04296D5EB100A9071E /* BannedContentCell.swift */,
				1A84DC05296D5EB100A9071E /* BannedContentCell.xib */,
				1A84DC0A296D6AC500A9071E /* UserDeviceCell.swift */,
				1A84DC0B296D6AC500A9071E /* UserDeviceCell.xib */,
				1A353279296D77E000C7003E /* UserDetailSecionHeaderView.swift */,
				1A50789D297080A600E73E64 /* UserInfoCell.swift */,
				1A50789E297080A600E73E64 /* UserInfoCell.xib */,
			);
			path = Cell;
			sourceTree = "<group>";
		};
		1AFE49C8296E66280096927C /* View */ = {
			isa = PBXGroup;
			children = (
				1AFE49E2296EB69F0096927C /* Cell */,
			);
			path = View;
			sourceTree = "<group>";
		};
		1AFE49E2296EB69F0096927C /* Cell */ = {
			isa = PBXGroup;
			children = (
				1AFE49E3296EB6BF0096927C /* PCAssignedDeviceCell.swift */,
				1AFE49E4296EB6BF0096927C /* PCAssignedDeviceCell.xib */,
				1A65D5D5296EB8F000DE1BCC /* AddMoreDeviceCell.swift */,
				1A65D5D6296EB8F000DE1BCC /* AddMoreDeviceCell.xib */,
				1A65D5D9296EBA7B00DE1BCC /* UserProfileCell.swift */,
				1A65D5DA296EBA7B00DE1BCC /* UserProfileCell.xib */,
				1A65D5DD296EBBCB00DE1BCC /* UserNameTfCell.swift */,
				1A65D5DE296EBBCB00DE1BCC /* UserNameTfCell.xib */,
				1A65D5E1296EBCAB00DE1BCC /* AvatarHeaderCell.swift */,
				1A65D5E2296EBCAB00DE1BCC /* AvatarHeaderCell.xib */,
				1A65D5E5296ECBAC00DE1BCC /* HeaderView.swift */,
				1A65D5E6296ECBAC00DE1BCC /* HeaderView.xib */,
			);
			path = Cell;
			sourceTree = "<group>";
		};
		CFEA7E6343C1DD21C87BDADE /* Pods */ = {
			isa = PBXGroup;
			children = (
				589F5C2357CB61BD52C59509 /* Pods-HiFPTParentalControlPreparation.debug.xcconfig */,
				56A7E6D675DE227502296EA7 /* Pods-HiFPTParentalControlPreparation.release.xcconfig */,
			);
			path = Pods;
			sourceTree = "<group>";
		};
		F425BF174F670198F204BA67 /* Frameworks */ = {
			isa = PBXGroup;
			children = (
				D8873B88FFFEC9E9502700FF /* Pods_HiFPTParentalControlPreparation.framework */,
			);
			name = Frameworks;
			sourceTree = "<group>";
		};
/* End PBXGroup section */

/* Begin PBXNativeTarget section */
		1A84DB772966B3EC00A9071E /* HiFPTParentalControlPreparation */ = {
			isa = PBXNativeTarget;
			buildConfigurationList = 1A84DB8C2966B3ED00A9071E /* Build configuration list for PBXNativeTarget "HiFPTParentalControlPreparation" */;
			buildPhases = (
				6CE178841469233109254CF3 /* [CP] Check Pods Manifest.lock */,
				1A84DB742966B3EC00A9071E /* Sources */,
				1A84DB752966B3EC00A9071E /* Frameworks */,
				1A84DB762966B3EC00A9071E /* Resources */,
				B39568DDB951CA8710E50B2F /* [CP] Embed Pods Frameworks */,
			);
			buildRules = (
			);
			dependencies = (
			);
			name = HiFPTParentalControlPreparation;
			productName = HiFPTParentalControlPreparation;
			productReference = 1A84DB782966B3EC00A9071E /* HiFPTParentalControlPreparation.app */;
			productType = "com.apple.product-type.application";
		};
/* End PBXNativeTarget section */

/* Begin PBXProject section */
		1A84DB702966B3EB00A9071E /* Project object */ = {
			isa = PBXProject;
			attributes = {
				BuildIndependentTargetsInParallel = 1;
				LastSwiftUpdateCheck = 1410;
				LastUpgradeCheck = 1410;
				TargetAttributes = {
					1A84DB772966B3EC00A9071E = {
						CreatedOnToolsVersion = 14.1;
					};
				};
			};
			buildConfigurationList = 1A84DB732966B3EB00A9071E /* Build configuration list for PBXProject "HiFPTParentalControlPreparation" */;
			compatibilityVersion = "Xcode 13.0";
			developmentRegion = en;
			hasScannedForEncodings = 0;
			knownRegions = (
				en,
				Base,
			);
			mainGroup = 1A84DB6F2966B3EB00A9071E;
			productRefGroup = 1A84DB792966B3EC00A9071E /* Products */;
			projectDirPath = "";
			projectRoot = "";
			targets = (
				1A84DB772966B3EC00A9071E /* HiFPTParentalControlPreparation */,
			);
		};
/* End PBXProject section */

/* Begin PBXResourcesBuildPhase section */
		1A84DB762966B3EC00A9071E /* Resources */ = {
			isa = PBXResourcesBuildPhase;
			buildActionMask = 2147483647;
			files = (
				1A84DB882966B3ED00A9071E /* LaunchScreen.storyboard in Resources */,
				1AFE49E1296EB3E50096927C /* EditUserViewController.xib in Resources */,
				1A84DBB02968048500A9071E /* PCUserCell.xib in Resources */,
				1A84DBC4296BDD4C00A9071E /* Inter-Thin.ttf in Resources */,
				1A65D5D8296EB8F000DE1BCC /* AddMoreDeviceCell.xib in Resources */,
				1A84DBFE296CF2EC00A9071E /* PCUserDetailViewController.xib in Resources */,
				1A84DBC7296BDD4C00A9071E /* Inter-Bold.ttf in Resources */,
				1A84DBC6296BDD4C00A9071E /* Inter-ExtraLight.ttf in Resources */,
				1A5078A0297080A600E73E64 /* UserInfoCell.xib in Resources */,
				1AFE49E6296EB6BF0096927C /* PCAssignedDeviceCell.xib in Resources */,
				1A65D5FF296FFA9F00DE1BCC /* PhotoSourceViewController.xib in Resources */,
				1A84DBA82967C57B00A9071E /* FilterCell.xib in Resources */,
				1A84DBCC296BDD4D00A9071E /* Inter-Regular.ttf in Resources */,
				1A84DBCB296BDD4D00A9071E /* Inter-Black.ttf in Resources */,
				1A84DB852966B3ED00A9071E /* Assets.xcassets in Resources */,
				1A84DC0D296D6AC500A9071E /* UserDeviceCell.xib in Resources */,
				1A65D5E0296EBBCB00DE1BCC /* UserNameTfCell.xib in Resources */,
				1A84DB832966B3EC00A9071E /* Main.storyboard in Resources */,
				1A65D5E4296EBCAB00DE1BCC /* AvatarHeaderCell.xib in Resources */,
				1A65D5E8296ECBAC00DE1BCC /* HeaderView.xib in Resources */,
				1A65D5DC296EBA7B00DE1BCC /* UserProfileCell.xib in Resources */,
				1A65D5F4296FCA5500DE1BCC /* AvatarCell.xib in Resources */,
				1A84DC07296D5EB100A9071E /* BannedContentCell.xib in Resources */,
				1A84DBC8296BDD4C00A9071E /* Inter-SemiBold.ttf in Resources */,
				1A84DBC9296BDD4D00A9071E /* Inter-Medium.ttf in Resources */,
				1A84DBC5296BDD4C00A9071E /* Inter-Light.ttf in Resources */,
				1A84DBCA296BDD4D00A9071E /* Inter-ExtraBold.ttf in Resources */,
				1A84DBD6296C59F700A9071E /* DeviceCell.xib in Resources */,
				1A65D5FA296FE0FF00DE1BCC /* UploadSelectCell.xib in Resources */,
				1A65D5ED296FAE8D00DE1BCC /* AvatarPickerViewController.xib in Resources */,
			);
			runOnlyForDeploymentPostprocessing = 0;
		};
/* End PBXResourcesBuildPhase section */

/* Begin PBXShellScriptBuildPhase section */
		6CE178841469233109254CF3 /* [CP] Check Pods Manifest.lock */ = {
			isa = PBXShellScriptBuildPhase;
			buildActionMask = 2147483647;
			files = (
			);
			inputFileListPaths = (
			);
			inputPaths = (
				"${PODS_PODFILE_DIR_PATH}/Podfile.lock",
				"${PODS_ROOT}/Manifest.lock",
			);
			name = "[CP] Check Pods Manifest.lock";
			outputFileListPaths = (
			);
			outputPaths = (
				"$(DERIVED_FILE_DIR)/Pods-HiFPTParentalControlPreparation-checkManifestLockResult.txt",
			);
			runOnlyForDeploymentPostprocessing = 0;
			shellPath = /bin/sh;
			shellScript = "diff \"${PODS_PODFILE_DIR_PATH}/Podfile.lock\" \"${PODS_ROOT}/Manifest.lock\" > /dev/null\nif [ $? != 0 ] ; then\n    # print error to STDERR\n    echo \"error: The sandbox is not in sync with the Podfile.lock. Run 'pod install' or update your CocoaPods installation.\" >&2\n    exit 1\nfi\n# This output is used by Xcode 'outputs' to avoid re-running this script phase.\necho \"SUCCESS\" > \"${SCRIPT_OUTPUT_FILE_0}\"\n";
			showEnvVarsInLog = 0;
		};
		B39568DDB951CA8710E50B2F /* [CP] Embed Pods Frameworks */ = {
			isa = PBXShellScriptBuildPhase;
			buildActionMask = 2147483647;
			files = (
			);
			inputFileListPaths = (
				"${PODS_ROOT}/Target Support Files/Pods-HiFPTParentalControlPreparation/Pods-HiFPTParentalControlPreparation-frameworks-${CONFIGURATION}-input-files.xcfilelist",
			);
			name = "[CP] Embed Pods Frameworks";
			outputFileListPaths = (
				"${PODS_ROOT}/Target Support Files/Pods-HiFPTParentalControlPreparation/Pods-HiFPTParentalControlPreparation-frameworks-${CONFIGURATION}-output-files.xcfilelist",
			);
			runOnlyForDeploymentPostprocessing = 0;
			shellPath = /bin/sh;
			shellScript = "\"${PODS_ROOT}/Target Support Files/Pods-HiFPTParentalControlPreparation/Pods-HiFPTParentalControlPreparation-frameworks.sh\"\n";
			showEnvVarsInLog = 0;
		};
/* End PBXShellScriptBuildPhase section */

/* Begin PBXSourcesBuildPhase section */
		1A84DB742966B3EC00A9071E /* Sources */ = {
			isa = PBXSourcesBuildPhase;
			buildActionMask = 2147483647;
			files = (
				1A35327A296D77E000C7003E /* UserDetailSecionHeaderView.swift in Sources */,
				1A84DBB6296BAB1800A9071E /* UICollectionView+CellRegister.swift in Sources */,
				1A84DB802966B3EC00A9071E /* ViewController.swift in Sources */,
				1A84DBFD296CF2EC00A9071E /* PCUserDetailViewController.swift in Sources */,
				1A65D5F9296FE0FF00DE1BCC /* UploadSelectCell.swift in Sources */,
				1A84DBF9296C788400A9071E /* Font.swift in Sources */,
				1A35327C296DE7BF00C7003E /* CALayer+BorderColorNib.swift in Sources */,
				1A84DB9F2966E21300A9071E /* UIColor+RGB.swift in Sources */,
				1A65D5F6296FCB7300DE1BCC /* CheckedLayer.swift in Sources */,
				1A84DBD5296C59F700A9071E /* DeviceCell.swift in Sources */,
				1A84DC0C296D6AC500A9071E /* UserDeviceCell.swift in Sources */,
				1AFE49E0296EB3E50096927C /* EditUserViewController.swift in Sources */,
				1A84DC02296CFDE000A9071E /* ButtonPrimary.swift in Sources */,
				1A84DC00296CF5DE00A9071E /* AvatarView.swift in Sources */,
				1A84DB922966C55B00A9071E /* UserViewController.swift in Sources */,
				1A84DB962966C58600A9071E /* DeviceViewController.swift in Sources */,
				1A65D5E3296EBCAB00DE1BCC /* AvatarHeaderCell.swift in Sources */,
				1A65D5DB296EBA7B00DE1BCC /* UserProfileCell.swift in Sources */,
				1A84DBA22967149700A9071E /* HiFPTTabbar.swift in Sources */,
				1A84DBA72967C57B00A9071E /* FilterCell.swift in Sources */,
				1A84DBAB2967CDC700A9071E /* PCUser.swift in Sources */,
				1A65D5E7296ECBAC00DE1BCC /* HeaderView.swift in Sources */,
				1A50789F297080A600E73E64 /* UserInfoCell.swift in Sources */,
				1A84DBA42967BE0200A9071E /* BaseViewController.swift in Sources */,
				1A84DC06296D5EB100A9071E /* BannedContentCell.swift in Sources */,
				1A65D602297005CF00DE1BCC /* PopupManager.swift in Sources */,
				1AFE49C7296E62BC0096927C /* TextField.swift in Sources */,
				1A65D5FE296FFA9F00DE1BCC /* PhotoSourceViewController.swift in Sources */,
				1A84DB902966C2B800A9071E /* ParentalControlTabControllerViewController.swift in Sources */,
				1A65D5EC296FAE8D00DE1BCC /* AvatarPickerViewController.swift in Sources */,
				1A84DBAF2968048400A9071E /* PCUserCell.swift in Sources */,
				1A84DBD1296C131F00A9071E /* Color.swift in Sources */,
				1AFE49E5296EB6BF0096927C /* PCAssignedDeviceCell.swift in Sources */,
				1A65D5D7296EB8F000DE1BCC /* AddMoreDeviceCell.swift in Sources */,
				1A35327E296DEBA500C7003E /* UIImageView+TintRuntime.swift in Sources */,
				1A84DBCE296BE81000A9071E /* UIView+Animation.swift in Sources */,
				1A84DB992966CAA700A9071E /* UIImage+Resizable.swift in Sources */,
				1A50789C297079F500E73E64 /* HeaderBarViewController.swift in Sources */,
				1A84DBB8296BB25100A9071E /* UITableView+CellRegister.swift in Sources */,
				1A84DB9B2966D1B300A9071E /* UINavigationBar+Style.swift in Sources */,
				1A65D5F3296FCA5500DE1BCC /* AvatarCell.swift in Sources */,
				1A84DBB229680DF200A9071E /* PCDevice.swift in Sources */,
				1A84DB7C2966B3EC00A9071E /* AppDelegate.swift in Sources */,
				1A353286296E4BFF00C7003E /* ParentalControlConstant.swift in Sources */,
				1A84DB7E2966B3EC00A9071E /* SceneDelegate.swift in Sources */,
				1A65D5DF296EBBCB00DE1BCC /* UserNameTfCell.swift in Sources */,
				1A5078A22970EB5D00E73E64 /* EmptyView.swift in Sources */,
			);
			runOnlyForDeploymentPostprocessing = 0;
		};
/* End PBXSourcesBuildPhase section */

/* Begin PBXVariantGroup section */
		1A84DB812966B3EC00A9071E /* Main.storyboard */ = {
			isa = PBXVariantGroup;
			children = (
				1A84DB822966B3EC00A9071E /* Base */,
			);
			name = Main.storyboard;
			sourceTree = "<group>";
		};
		1A84DB862966B3ED00A9071E /* LaunchScreen.storyboard */ = {
			isa = PBXVariantGroup;
			children = (
				1A84DB872966B3ED00A9071E /* Base */,
			);
			name = LaunchScreen.storyboard;
			sourceTree = "<group>";
		};
/* End PBXVariantGroup section */

/* Begin XCBuildConfiguration section */
		1A84DB8A2966B3ED00A9071E /* Debug */ = {
			isa = XCBuildConfiguration;
			buildSettings = {
				ALWAYS_SEARCH_USER_PATHS = NO;
				CLANG_ANALYZER_NONNULL = YES;
				CLANG_ANALYZER_NUMBER_OBJECT_CONVERSION = YES_AGGRESSIVE;
				CLANG_CXX_LANGUAGE_STANDARD = "gnu++20";
				CLANG_ENABLE_MODULES = YES;
				CLANG_ENABLE_OBJC_ARC = YES;
				CLANG_ENABLE_OBJC_WEAK = YES;
				CLANG_WARN_BLOCK_CAPTURE_AUTORELEASING = YES;
				CLANG_WARN_BOOL_CONVERSION = YES;
				CLANG_WARN_COMMA = YES;
				CLANG_WARN_CONSTANT_CONVERSION = YES;
				CLANG_WARN_DEPRECATED_OBJC_IMPLEMENTATIONS = YES;
				CLANG_WARN_DIRECT_OBJC_ISA_USAGE = YES_ERROR;
				CLANG_WARN_DOCUMENTATION_COMMENTS = YES;
				CLANG_WARN_EMPTY_BODY = YES;
				CLANG_WARN_ENUM_CONVERSION = YES;
				CLANG_WARN_INFINITE_RECURSION = YES;
				CLANG_WARN_INT_CONVERSION = YES;
				CLANG_WARN_NON_LITERAL_NULL_CONVERSION = YES;
				CLANG_WARN_OBJC_IMPLICIT_RETAIN_SELF = YES;
				CLANG_WARN_OBJC_LITERAL_CONVERSION = YES;
				CLANG_WARN_OBJC_ROOT_CLASS = YES_ERROR;
				CLANG_WARN_QUOTED_INCLUDE_IN_FRAMEWORK_HEADER = YES;
				CLANG_WARN_RANGE_LOOP_ANALYSIS = YES;
				CLANG_WARN_STRICT_PROTOTYPES = YES;
				CLANG_WARN_SUSPICIOUS_MOVE = YES;
				CLANG_WARN_UNGUARDED_AVAILABILITY = YES_AGGRESSIVE;
				CLANG_WARN_UNREACHABLE_CODE = YES;
				CLANG_WARN__DUPLICATE_METHOD_MATCH = YES;
				COPY_PHASE_STRIP = NO;
				DEBUG_INFORMATION_FORMAT = dwarf;
				ENABLE_STRICT_OBJC_MSGSEND = YES;
				ENABLE_TESTABILITY = YES;
				GCC_C_LANGUAGE_STANDARD = gnu11;
				GCC_DYNAMIC_NO_PIC = NO;
				GCC_NO_COMMON_BLOCKS = YES;
				GCC_OPTIMIZATION_LEVEL = 0;
				GCC_PREPROCESSOR_DEFINITIONS = (
					"DEBUG=1",
					"$(inherited)",
				);
				GCC_WARN_64_TO_32_BIT_CONVERSION = YES;
				GCC_WARN_ABOUT_RETURN_TYPE = YES_ERROR;
				GCC_WARN_UNDECLARED_SELECTOR = YES;
				GCC_WARN_UNINITIALIZED_AUTOS = YES_AGGRESSIVE;
				GCC_WARN_UNUSED_FUNCTION = YES;
				GCC_WARN_UNUSED_VARIABLE = YES;
				IPHONEOS_DEPLOYMENT_TARGET = 16.1;
				MTL_ENABLE_DEBUG_INFO = INCLUDE_SOURCE;
				MTL_FAST_MATH = YES;
				ONLY_ACTIVE_ARCH = YES;
				SDKROOT = iphoneos;
				SWIFT_ACTIVE_COMPILATION_CONDITIONS = DEBUG;
				SWIFT_OPTIMIZATION_LEVEL = "-Onone";
			};
			name = Debug;
		};
		1A84DB8B2966B3ED00A9071E /* Release */ = {
			isa = XCBuildConfiguration;
			buildSettings = {
				ALWAYS_SEARCH_USER_PATHS = NO;
				CLANG_ANALYZER_NONNULL = YES;
				CLANG_ANALYZER_NUMBER_OBJECT_CONVERSION = YES_AGGRESSIVE;
				CLANG_CXX_LANGUAGE_STANDARD = "gnu++20";
				CLANG_ENABLE_MODULES = YES;
				CLANG_ENABLE_OBJC_ARC = YES;
				CLANG_ENABLE_OBJC_WEAK = YES;
				CLANG_WARN_BLOCK_CAPTURE_AUTORELEASING = YES;
				CLANG_WARN_BOOL_CONVERSION = YES;
				CLANG_WARN_COMMA = YES;
				CLANG_WARN_CONSTANT_CONVERSION = YES;
				CLANG_WARN_DEPRECATED_OBJC_IMPLEMENTATIONS = YES;
				CLANG_WARN_DIRECT_OBJC_ISA_USAGE = YES_ERROR;
				CLANG_WARN_DOCUMENTATION_COMMENTS = YES;
				CLANG_WARN_EMPTY_BODY = YES;
				CLANG_WARN_ENUM_CONVERSION = YES;
				CLANG_WARN_INFINITE_RECURSION = YES;
				CLANG_WARN_INT_CONVERSION = YES;
				CLANG_WARN_NON_LITERAL_NULL_CONVERSION = YES;
				CLANG_WARN_OBJC_IMPLICIT_RETAIN_SELF = YES;
				CLANG_WARN_OBJC_LITERAL_CONVERSION = YES;
				CLANG_WARN_OBJC_ROOT_CLASS = YES_ERROR;
				CLANG_WARN_QUOTED_INCLUDE_IN_FRAMEWORK_HEADER = YES;
				CLANG_WARN_RANGE_LOOP_ANALYSIS = YES;
				CLANG_WARN_STRICT_PROTOTYPES = YES;
				CLANG_WARN_SUSPICIOUS_MOVE = YES;
				CLANG_WARN_UNGUARDED_AVAILABILITY = YES_AGGRESSIVE;
				CLANG_WARN_UNREACHABLE_CODE = YES;
				CLANG_WARN__DUPLICATE_METHOD_MATCH = YES;
				COPY_PHASE_STRIP = NO;
				DEBUG_INFORMATION_FORMAT = "dwarf-with-dsym";
				ENABLE_NS_ASSERTIONS = NO;
				ENABLE_STRICT_OBJC_MSGSEND = YES;
				GCC_C_LANGUAGE_STANDARD = gnu11;
				GCC_NO_COMMON_BLOCKS = YES;
				GCC_WARN_64_TO_32_BIT_CONVERSION = YES;
				GCC_WARN_ABOUT_RETURN_TYPE = YES_ERROR;
				GCC_WARN_UNDECLARED_SELECTOR = YES;
				GCC_WARN_UNINITIALIZED_AUTOS = YES_AGGRESSIVE;
				GCC_WARN_UNUSED_FUNCTION = YES;
				GCC_WARN_UNUSED_VARIABLE = YES;
				IPHONEOS_DEPLOYMENT_TARGET = 16.1;
				MTL_ENABLE_DEBUG_INFO = NO;
				MTL_FAST_MATH = YES;
				SDKROOT = iphoneos;
				SWIFT_COMPILATION_MODE = wholemodule;
				SWIFT_OPTIMIZATION_LEVEL = "-O";
				VALIDATE_PRODUCT = YES;
			};
			name = Release;
		};
		1A84DB8D2966B3ED00A9071E /* Debug */ = {
			isa = XCBuildConfiguration;
			baseConfigurationReference = 589F5C2357CB61BD52C59509 /* Pods-HiFPTParentalControlPreparation.debug.xcconfig */;
			buildSettings = {
				ASSETCATALOG_COMPILER_APPICON_NAME = AppIcon;
				ASSETCATALOG_COMPILER_GLOBAL_ACCENT_COLOR_NAME = AccentColor;
				CODE_SIGN_STYLE = Automatic;
				CURRENT_PROJECT_VERSION = 1;
				DEVELOPMENT_TEAM = 4HNHR4AUAH;
				GENERATE_INFOPLIST_FILE = YES;
				INFOPLIST_FILE = HiFPTParentalControlPreparation/Info.plist;
				INFOPLIST_KEY_UIApplicationSupportsIndirectInputEvents = YES;
				INFOPLIST_KEY_UILaunchStoryboardName = LaunchScreen;
				INFOPLIST_KEY_UIMainStoryboardFile = Main;
				INFOPLIST_KEY_UISupportedInterfaceOrientations_iPad = "UIInterfaceOrientationPortrait UIInterfaceOrientationPortraitUpsideDown UIInterfaceOrientationLandscapeLeft UIInterfaceOrientationLandscapeRight";
				INFOPLIST_KEY_UISupportedInterfaceOrientations_iPhone = "UIInterfaceOrientationPortrait UIInterfaceOrientationLandscapeLeft UIInterfaceOrientationLandscapeRight";
				IPHONEOS_DEPLOYMENT_TARGET = 12.4;
				LD_RUNPATH_SEARCH_PATHS = (
					"$(inherited)",
					"@executable_path/Frameworks",
				);
				MARKETING_VERSION = 1.0;
				PRODUCT_BUNDLE_IDENTIFIER = com.khangle99.HiFPTParentalControlPreparation;
				PRODUCT_NAME = "$(TARGET_NAME)";
				SWIFT_EMIT_LOC_STRINGS = YES;
				SWIFT_VERSION = 5.0;
				TARGETED_DEVICE_FAMILY = "1,2";
			};
			name = Debug;
		};
		1A84DB8E2966B3ED00A9071E /* Release */ = {
			isa = XCBuildConfiguration;
			baseConfigurationReference = 56A7E6D675DE227502296EA7 /* Pods-HiFPTParentalControlPreparation.release.xcconfig */;
			buildSettings = {
				ASSETCATALOG_COMPILER_APPICON_NAME = AppIcon;
				ASSETCATALOG_COMPILER_GLOBAL_ACCENT_COLOR_NAME = AccentColor;
				CODE_SIGN_STYLE = Automatic;
				CURRENT_PROJECT_VERSION = 1;
				DEVELOPMENT_TEAM = 4HNHR4AUAH;
				GENERATE_INFOPLIST_FILE = YES;
				INFOPLIST_FILE = HiFPTParentalControlPreparation/Info.plist;
				INFOPLIST_KEY_UIApplicationSupportsIndirectInputEvents = YES;
				INFOPLIST_KEY_UILaunchStoryboardName = LaunchScreen;
				INFOPLIST_KEY_UIMainStoryboardFile = Main;
				INFOPLIST_KEY_UISupportedInterfaceOrientations_iPad = "UIInterfaceOrientationPortrait UIInterfaceOrientationPortraitUpsideDown UIInterfaceOrientationLandscapeLeft UIInterfaceOrientationLandscapeRight";
				INFOPLIST_KEY_UISupportedInterfaceOrientations_iPhone = "UIInterfaceOrientationPortrait UIInterfaceOrientationLandscapeLeft UIInterfaceOrientationLandscapeRight";
				IPHONEOS_DEPLOYMENT_TARGET = 12.4;
				LD_RUNPATH_SEARCH_PATHS = (
					"$(inherited)",
					"@executable_path/Frameworks",
				);
				MARKETING_VERSION = 1.0;
				PRODUCT_BUNDLE_IDENTIFIER = com.khangle99.HiFPTParentalControlPreparation;
				PRODUCT_NAME = "$(TARGET_NAME)";
				SWIFT_EMIT_LOC_STRINGS = YES;
				SWIFT_VERSION = 5.0;
				TARGETED_DEVICE_FAMILY = "1,2";
			};
			name = Release;
		};
/* End XCBuildConfiguration section */

/* Begin XCConfigurationList section */
		1A84DB732966B3EB00A9071E /* Build configuration list for PBXProject "HiFPTParentalControlPreparation" */ = {
			isa = XCConfigurationList;
			buildConfigurations = (
				1A84DB8A2966B3ED00A9071E /* Debug */,
				1A84DB8B2966B3ED00A9071E /* Release */,
			);
			defaultConfigurationIsVisible = 0;
			defaultConfigurationName = Release;
		};
		1A84DB8C2966B3ED00A9071E /* Build configuration list for PBXNativeTarget "HiFPTParentalControlPreparation" */ = {
			isa = XCConfigurationList;
			buildConfigurations = (
				1A84DB8D2966B3ED00A9071E /* Debug */,
				1A84DB8E2966B3ED00A9071E /* Release */,
			);
			defaultConfigurationIsVisible = 0;
			defaultConfigurationName = Release;
		};
/* End XCConfigurationList section */
	};
	rootObject = 1A84DB702966B3EB00A9071E /* Project object */;
}
